{
  "name": "npm-scripts-example-main",
  "version": "0.0.1",
  "lockfileVersion": 1,
  "requires": true,
  "dependencies": {
    "npm-scripts-example": {
      "version": "0.0.5",
      "resolved": "https://registry.npmjs.org/npm-scripts-example/-/npm-scripts-example-0.0.5.tgz",
      "integrity": "sha512-gjDSRIpU3Yn3aDy8kfVBmKNXCN0gZA+xn5JplBE8vvrWAho/wVE/MDa1ApI1KLP9/3ZB0O8/Kn1zR3j25XC4Bw=="
    }
  }
}
